{
  "name": "le",
  "version": "1.0.0",
  "lockfileVersion": 2,
  "requires": true,
  "packages": {
    "": {
      "name": "le",
      "version": "1.0.0",
      "license": "ISC",
      "dependencies": {
        "storage-encryption": "^1.0.16"
      }
    },
    "node_modules/@types/crypto-js": {
      "version": "4.1.1",
      "resolved": "https://registry.npmjs.org/@types/crypto-js/-/crypto-js-4.1.1.tgz",
      "integrity": "sha512-BG7fQKZ689HIoc5h+6D2Dgq1fABRa0RbBWKBd9SP/MVRVXROflpm5fhwyATX5duFmbStzyzyycPB8qUYKDH3NA=="
    },
    "node_modules/@types/node": {
      "version": "14.18.27",
      "resolved": "https://registry.npmjs.org/@types/node/-/node-14.18.27.tgz",
      "integrity": "sha512-DcTUcwT9xEcf4rp2UHyGAcmlqG4Mhe7acozl5vY2xzSrwP1z19ZVyjzQ6DsNUrvIadpiyZoQCTHFt4t2omYIZQ=="
    },
    "node_modules/crypto-js": {
      "version": "4.1.1",
      "resolved": "https://registry.npmjs.org/crypto-js/-/crypto-js-4.1.1.tgz",
      "integrity": "sha512-o2JlM7ydqd3Qk9CA0L4NL6mTzU2sdx96a+oOfPu8Mkl/PK51vSyoi8/rQ8NknZtk44vq15lmhAj9CIAGwgeWKw=="
    },
    "node_modules/storage-encryption": {
      "version": "1.0.16",
      "resolved": "https://registry.npmjs.org/storage-encryption/-/storage-encryption-1.0.16.tgz",
      "integrity": "sha512-9MuF+aiyQOpTMPRP2YAZaCUysXCR8L62XbOb99gHL+rQXk72GI5m458SkHIaIPhsnOPQ8GCtlOLpq4vb8fySvA==",
      "dependencies": {
        "@types/crypto-js": "^4.0.1",
        "@types/node": "^14.14.31",
        "crypto-js": "^4.0.0",
        "typescript": "^4.1.5"
      }
    },
    "node_modules/typescript": {
      "version": "4.8.2",
      "resolved": "https://registry.npmjs.org/typescript/-/typescript-4.8.2.tgz",
      "integrity": "sha512-C0I1UsrrDHo2fYI5oaCGbSejwX4ch+9Y5jTQELvovfmFkK3HHSZJB8MSJcWLmCUBzQBchCrZ9rMRV6GuNrvGtw==",
      "bin": {
        "tsc": "bin/tsc",
        "tsserver": "bin/tsserver"
      },
      "engines": {
        "node": ">=4.2.0"
      }
    }
  },
  "dependencies": {
    "@types/crypto-js": {
      "version": "4.1.1",
      "resolved": "https://registry.npmjs.org/@types/crypto-js/-/crypto-js-4.1.1.tgz",
      "integrity": "sha512-BG7fQKZ689HIoc5h+6D2Dgq1fABRa0RbBWKBd9SP/MVRVXROflpm5fhwyATX5duFmbStzyzyycPB8qUYKDH3NA=="
    },
    "@types/node": {
      "version": "14.18.27",
      "resolved": "https://registry.npmjs.org/@types/node/-/node-14.18.27.tgz",
      "integrity": "sha512-DcTUcwT9xEcf4rp2UHyGAcmlqG4Mhe7acozl5vY2xzSrwP1z19ZVyjzQ6DsNUrvIadpiyZoQCTHFt4t2omYIZQ=="
    },
    "crypto-js": {
      "version": "4.1.1",
      "resolved": "https://registry.npmjs.org/crypto-js/-/crypto-js-4.1.1.tgz",
      "integrity": "sha512-o2JlM7ydqd3Qk9CA0L4NL6mTzU2sdx96a+oOfPu8Mkl/PK51vSyoi8/rQ8NknZtk44vq15lmhAj9CIAGwgeWKw=="
    },
    "storage-encryption": {
      "version": "1.0.16",
      "resolved": "https://registry.npmjs.org/storage-encryption/-/storage-encryption-1.0.16.tgz",
      "integrity": "sha512-9MuF+aiyQOpTMPRP2YAZaCUysXCR8L62XbOb99gHL+rQXk72GI5m458SkHIaIPhsnOPQ8GCtlOLpq4vb8fySvA==",
      "requires": {
        "@types/crypto-js": "^4.0.1",
        "@types/node": "^14.14.31",
        "crypto-js": "^4.0.0",
        "typescript": "^4.1.5"
      }
    },
    "typescript": {
      "version": "4.8.2",
      "resolved": "https://registry.npmjs.org/typescript/-/typescript-4.8.2.tgz",
      "integrity": "sha512-C0I1UsrrDHo2fYI5oaCGbSejwX4ch+9Y5jTQELvovfmFkK3HHSZJB8MSJcWLmCUBzQBchCrZ9rMRV6GuNrvGtw=="
    }
  }
}
